
Microsoft Visual Studio Solution File, Format Version 12.00
# Visual Studio 15
VisualStudioVersion = 15.0.28010.2026
MinimumVisualStudioVersion = 10.0.40219.1
Project("{FAE04EC0-301F-11D3-BF4B-00C04F79EFBC}") = "Tagayasu7Pwa1", "Tagayasu7Pwa1\Tagayasu7Pwa1.csproj", "{ED53DCE0-C701-4A62-805A-2AB393A60BEB}"
EndProject
Global
	GlobalSection(SolutionConfigurationPlatforms) = preSolution
		Debug|Any CPU = Debug|Any CPU
		Release|Any CPU = Release|Any CPU
	EndGlobalSection
	GlobalSection(ProjectConfigurationPlatforms) = postSolution
		{ED53DCE0-C701-4A62-805A-2AB393A60BEB}.Debug|Any CPU.ActiveCfg = Debug|Any CPU
		{ED53DCE0-C701-4A62-805A-2AB393A60BEB}.Debug|Any CPU.Build.0 = Debug|Any CPU
		{ED53DCE0-C701-4A62-805A-2AB393A60BEB}.Release|Any CPU.ActiveCfg = Release|Any CPU
		{ED53DCE0-C701-4A62-805A-2AB393A60BEB}.Release|Any CPU.Build.0 = Release|Any CPU
	EndGlobalSection
	GlobalSection(SolutionProperties) = preSolution
		HideSolutionNode = FALSE
	EndGlobalSection
	GlobalSection(ExtensibilityGlobals) = postSolution
		SolutionGuid = {13FF9C2A-29B1-43DA-8DBE-5B2F781FEC50}
	EndGlobalSection
EndGlobal
